gitee.com/dtapps/gohttp v0.0.2 h1:tnuD6gCOS9a/8m9Z3g57I1c0KHVQMP4GhXaU+IEFCyk=
gitee.com/dtapps/gohttp v0.0.2/go.mod h1:X9Eh0zfRpLdi22d1z3akrHJoxxJtowxWdg1Yqq2qpWo=
gitee.com/dtapps/gotime v0.0.2 h1:3JYR+xOZ3WFM+sAg/cv64kjRXUV3Yq93hD/j9KVBZ4Y=
gitee.com/dtapps/gotime v0.0.2/go.mod h1:zozIjjlmOsa+VfLOAeZ+RpvhOA73s31AiHdhL57vsQg=
